Microsoft Visual Studio Solution File, Format Version 12.00
# Visual Studio Version 17
VisualStudioVersion = 17.13.35919.96
MinimumVisualStudioVersion = 10.0.40219.1
Project("{FAE04EC0-301F-11D3-BF4B-00C04F79EFBC}") = "APIOne", "APIOne.csproj", "{0288A998-F7E5-4E61-BDC7-9195E4ADC947}"
EndProject
Global
	GlobalSection(SolutionConfigurationPlatforms) = preSolution
		Debug|Any CPU = Debug|Any CPU
		Release|Any CPU = Release|Any CPU
	EndGlobalSection
	GlobalSection(ProjectConfigurationPlatforms) = postSolution
		{0288A998-F7E5-4E61-BDC7-9195E4ADC947}.Debug|Any CPU.ActiveCfg = Debug|Any CPU
		{0288A998-F7E5-4E61-BDC7-9195E4ADC947}.Debug|Any CPU.Build.0 = Debug|Any CPU
		{0288A998-F7E5-4E61-BDC7-9195E4ADC947}.Release|Any CPU.ActiveCfg = Release|Any CPU
		{0288A998-F7E5-4E61-BDC7-9195E4ADC947}.Release|Any CPU.Build.0 = Release|Any CPU
	EndGlobalSection
	GlobalSection(SolutionProperties) = preSolution
		HideSolutionNode = FALSE
	EndGlobalSection
	GlobalSection(ExtensibilityGlobals) = postSolution
		SolutionGuid = {54CA1A20-F17E-4F7F-B112-D95ECAF470BC}
	EndGlobalSection
EndGlobal
